
Microsoft Visual Studio Solution File, Format Version 12.00
# Visual Studio 14
VisualStudioVersion = 14.0.25420.1
MinimumVisualStudioVersion = 10.0.40219.1
Project("{FAE04EC0-301F-11D3-BF4B-00C04F79EFBC}") = "OdeToBeer", "OdeToBeer\OdeToBeer.csproj", "{19BE20DC-1EE7-448D-9134-CB1DFACDE95F}"
EndProject
Project("{FAE04EC0-301F-11D3-BF4B-00C04F79EFBC}") = "OdeToBeer.Tests", "OdeToBeer.Tests\OdeToBeer.Tests.csproj", "{3626E540-2266-454C-A0D9-1F2F1048CC29}"
EndProject
Global
	GlobalSection(SolutionConfigurationPlatforms) = preSolution
		Debug|Any CPU = Debug|Any CPU
		Release|Any CPU = Release|Any CPU
	EndGlobalSection
	GlobalSection(ProjectConfigurationPlatforms) = postSolution
		{19BE20DC-1EE7-448D-9134-CB1DFACDE95F}.Debug|Any CPU.ActiveCfg = Debug|Any CPU
		{19BE20DC-1EE7-448D-9134-CB1DFACDE95F}.Debug|Any CPU.Build.0 = Debug|Any CPU
		{19BE20DC-1EE7-448D-9134-CB1DFACDE95F}.Release|Any CPU.ActiveCfg = Release|Any CPU
		{19BE20DC-1EE7-448D-9134-CB1DFACDE95F}.Release|Any CPU.Build.0 = Release|Any CPU
		{3626E540-2266-454C-A0D9-1F2F1048CC29}.Debug|Any CPU.ActiveCfg = Debug|Any CPU
		{3626E540-2266-454C-A0D9-1F2F1048CC29}.Debug|Any CPU.Build.0 = Debug|Any CPU
		{3626E540-2266-454C-A0D9-1F2F1048CC29}.Release|Any CPU.ActiveCfg = Release|Any CPU
		{3626E540-2266-454C-A0D9-1F2F1048CC29}.Release|Any CPU.Build.0 = Release|Any CPU
	EndGlobalSection
	GlobalSection(SolutionProperties) = preSolution
		HideSolutionNode = FALSE
	EndGlobalSection
EndGlobal
